
Microsoft Visual Studio Solution File, Format Version 12.00
# Visual Studio Version 16
VisualStudioVersion = 16.0.29306.81
MinimumVisualStudioVersion = 10.0.40219.1
Project("{FAE04EC0-301F-11D3-BF4B-00C04F79EFBC}") = "mainFormDesign", "mainFormDesign\mainFormDesign.csproj", "{7E97FFAA-4C27-494A-BCD9-6A4E54950E32}"
EndProject
Project("{FAE04EC0-301F-11D3-BF4B-00C04F79EFBC}") = "YesiLdefter", "YesiLdefter\YesiLdefter.csproj", "{DF15BF56-DA45-47BE-A21B-280B0C32C7E7}"
EndProject
Project("{FAE04EC0-301F-11D3-BF4B-00C04F79EFBC}") = "YesiLcihazlar", "YesiLcihazlar\YesiLcihazlar.csproj", "{2F50E963-47E2-4243-8BEC-6A1B980003E4}"
EndProject
Project("{54435603-DBB4-11D2-8724-00A0C9A8B90C}") = "YesiLdefterSetup", "YesiLdefterSetup\YesiLdefterSetup.vdproj", "{167C700F-D1CD-4C76-90D8-18682904FC2C}"
EndProject
Project("{FAE04EC0-301F-11D3-BF4B-00C04F79EFBC}") = "Ustad.API", "Ustad.API\Ustad.API.csproj", "{6BEFC597-D7FE-4D76-B752-3408A3A19FA2}"
EndProject
Global
	GlobalSection(SolutionConfigurationPlatforms) = preSolution
		Debug|Any CPU = Debug|Any CPU
		Release|Any CPU = Release|Any CPU
	EndGlobalSection
	GlobalSection(ProjectConfigurationPlatforms) = postSolution
		{7E97FFAA-4C27-494A-BCD9-6A4E54950E32}.Debug|Any CPU.ActiveCfg = Debug|Any CPU
		{7E97FFAA-4C27-494A-BCD9-6A4E54950E32}.Release|Any CPU.ActiveCfg = Release|Any CPU
		{DF15BF56-DA45-47BE-A21B-280B0C32C7E7}.Debug|Any CPU.ActiveCfg = Debug|Any CPU
		{DF15BF56-DA45-47BE-A21B-280B0C32C7E7}.Debug|Any CPU.Build.0 = Debug|Any CPU
		{DF15BF56-DA45-47BE-A21B-280B0C32C7E7}.Release|Any CPU.ActiveCfg = Release|Any CPU
		{DF15BF56-DA45-47BE-A21B-280B0C32C7E7}.Release|Any CPU.Build.0 = Release|Any CPU
		{2F50E963-47E2-4243-8BEC-6A1B980003E4}.Debug|Any CPU.ActiveCfg = Debug|Any CPU
		{2F50E963-47E2-4243-8BEC-6A1B980003E4}.Release|Any CPU.ActiveCfg = Release|Any CPU
		{167C700F-D1CD-4C76-90D8-18682904FC2C}.Debug|Any CPU.ActiveCfg = Release
		{167C700F-D1CD-4C76-90D8-18682904FC2C}.Release|Any CPU.ActiveCfg = Release
		{6BEFC597-D7FE-4D76-B752-3408A3A19FA2}.Debug|Any CPU.ActiveCfg = Debug|Any CPU
		{6BEFC597-D7FE-4D76-B752-3408A3A19FA2}.Debug|Any CPU.Build.0 = Debug|Any CPU
		{6BEFC597-D7FE-4D76-B752-3408A3A19FA2}.Release|Any CPU.ActiveCfg = Release|Any CPU
		{6BEFC597-D7FE-4D76-B752-3408A3A19FA2}.Release|Any CPU.Build.0 = Release|Any CPU
	EndGlobalSection
	GlobalSection(SolutionProperties) = preSolution
		HideSolutionNode = FALSE
	EndGlobalSection
	GlobalSection(ExtensibilityGlobals) = postSolution
		SolutionGuid = {9C86C481-8AF6-4F17-B751-56BAF7E40DB6}
	EndGlobalSection
EndGlobal
